
Microsoft Visual Studio Solution File, Format Version 12.00
# Visual Studio Version 17
VisualStudioVersion = 17.2.32516.85
MinimumVisualStudioVersion = 10.0.40219.1
Project("{FAE04EC0-301F-11D3-BF4B-00C04F79EFBC}") = "Teste1", "Teste1\Teste1.csproj", "{27E7D7E2-EEFB-44DC-AF9E-375F2CE30010}"
EndProject
Global
	GlobalSection(SolutionConfigurationPlatforms) = preSolution
		Debug|Any CPU = Debug|Any CPU
		Release|Any CPU = Release|Any CPU
	EndGlobalSection
	GlobalSection(ProjectConfigurationPlatforms) = postSolution
		{27E7D7E2-EEFB-44DC-AF9E-375F2CE30010}.Debug|Any CPU.ActiveCfg = Debug|Any CPU
		{27E7D7E2-EEFB-44DC-AF9E-375F2CE30010}.Debug|Any CPU.Build.0 = Debug|Any CPU
		{27E7D7E2-EEFB-44DC-AF9E-375F2CE30010}.Release|Any CPU.ActiveCfg = Release|Any CPU
		{27E7D7E2-EEFB-44DC-AF9E-375F2CE30010}.Release|Any CPU.Build.0 = Release|Any CPU
	EndGlobalSection
	GlobalSection(SolutionProperties) = preSolution
		HideSolutionNode = FALSE
	EndGlobalSection
	GlobalSection(ExtensibilityGlobals) = postSolution
		SolutionGuid = {AB7DF296-A0DC-4956-A347-F4B6FC87E262}
	EndGlobalSection
EndGlobal
